// !$*UTF8*$!
{
	archiveVersion = 1;
	classes = {
	};
	objectVersion = 46;
	objects = {

/* Begin PBXBuildFile section */
		3C5EF6041FD592AD00C2DF5F /* main.m in Sources */ = {isa = PBXBuildFile; fileRef = 3C5EF6031FD592AD00C2DF5F /* main.m */; };
		3C5EF6071FD592AD00C2DF5F /* AppDelegate.m in Sources */ = {isa = PBXBuildFile; fileRef = 3C5EF6061FD592AD00C2DF5F /* AppDelegate.m */; };
		3C5EF60D1FD592AD00C2DF5F /* Main.storyboard in Resources */ = {isa = PBXBuildFile; fileRef = 3C5EF60B1FD592AD00C2DF5F /* Main.storyboard */; };
		3C5EF60F1FD592AD00C2DF5F /* Assets.xcassets in Resources */ = {isa = PBXBuildFile; fileRef = 3C5EF60E1FD592AD00C2DF5F /* Assets.xcassets */; };
		3C5EF6121FD592AD00C2DF5F /* LaunchScreen.storyboard in Resources */ = {isa = PBXBuildFile; fileRef = 3C5EF6101FD592AD00C2DF5F /* LaunchScreen.storyboard */; };
		3C5EF61D1FD592AE00C2DF5F /* DemoHighlightsTests.m in Sources */ = {isa = PBXBuildFile; fileRef = 3C5EF61C1FD592AE00C2DF5F /* DemoHighlightsTests.m */; };
		3C5EF6281FD592AE00C2DF5F /* DemoHighlightsUITests.m in Sources */ = {isa = PBXBuildFile; fileRef = 3C5EF6271FD592AE00C2DF5F /* DemoHighlightsUITests.m */; };
		3C5EF6491FD5944700C2DF5F /* HomeViewController.m in Sources */ = {isa = PBXBuildFile; fileRef = 3C5EF6361FD5944700C2DF5F /* HomeViewController.m */; };
		3C5EF64A1FD5944700C2DF5F /* MeViewController.m in Sources */ = {isa = PBXBuildFile; fileRef = 3C5EF6381FD5944700C2DF5F /* MeViewController.m */; };
		3C5EF64B1FD5944700C2DF5F /* NewsViewController.m in Sources */ = {isa = PBXBuildFile; fileRef = 3C5EF63A1FD5944700C2DF5F /* NewsViewController.m */; };
		3C5EF64D1FD5944700C2DF5F /* OrderViewController.m in Sources */ = {isa = PBXBuildFile; fileRef = 3C5EF63E1FD5944700C2DF5F /* OrderViewController.m */; };
		3C5EF6561FD595E100C2DF5F /* common in Resources */ = {isa = PBXBuildFile; fileRef = 3C5EF6531FD595E100C2DF5F /* common */; };
		3C5EF6581FD595E100C2DF5F /* utility in Resources */ = {isa = PBXBuildFile; fileRef = 3C5EF6551FD595E100C2DF5F /* utility */; };
		3C5EF65A1FD596D000C2DF5F /* module in Resources */ = {isa = PBXBuildFile; fileRef = 3C5EF6591FD596D000C2DF5F /* module */; };
		3C5EF6751FD598B700C2DF5F /* QKBasicViewController.m in Sources */ = {isa = PBXBuildFile; fileRef = 3C5EF66C1FD598B700C2DF5F /* QKBasicViewController.m */; };
		3C5EF6761FD598B700C2DF5F /* QKNavigationController.m in Sources */ = {isa = PBXBuildFile; fileRef = 3C5EF66E1FD598B700C2DF5F /* QKNavigationController.m */; };
		3C5EF6771FD598B700C2DF5F /* QKTabBar.m in Sources */ = {isa = PBXBuildFile; fileRef = 3C5EF6701FD598B700C2DF5F /* QKTabBar.m */; };
		3C5EF6781FD598B700C2DF5F /* QKTabBarController.m in Sources */ = {isa = PBXBuildFile; fileRef = 3C5EF6721FD598B700C2DF5F /* QKTabBarController.m */; };
		3C5EF6791FD598B700C2DF5F /* UIView+QKExtension.m in Sources */ = {isa = PBXBuildFile; fileRef = 3C5EF6741FD598B700C2DF5F /* UIView+QKExtension.m */; };
		3C5EF6801FD59ADB00C2DF5F /* CLCustomRotationGestureRecognizer.m in Sources */ = {isa = PBXBuildFile; fileRef = 3C5EF67B1FD59ADB00C2DF5F /* CLCustomRotationGestureRecognizer.m */; };
		3C5EF6811FD59ADB00C2DF5F /* CLOneViewController.m in Sources */ = {isa = PBXBuildFile; fileRef = 3C5EF67D1FD59ADB00C2DF5F /* CLOneViewController.m */; };
		3C5EF6821FD59ADB00C2DF5F /* CLRotationView.m in Sources */ = {isa = PBXBuildFile; fileRef = 3C5EF67F1FD59ADB00C2DF5F /* CLRotationView.m */; };
		3C5EF6851FD59B0A00C2DF5F /* buttonModel.m in Sources */ = {isa = PBXBuildFile; fileRef = 3C5EF6841FD59B0A00C2DF5F /* buttonModel.m */; };
		3C5EF6871FD59B8D00C2DF5F /* ButtonList.plist in Resources */ = {isa = PBXBuildFile; fileRef = 3C5EF6861FD59B8D00C2DF5F /* ButtonList.plist */; };
/* End PBXBuildFile section */

/* Begin PBXContainerItemProxy section */
		3C5EF6191FD592AE00C2DF5F /* PBXContainerItemProxy */ = {
			isa = PBXContainerItemProxy;
			containerPortal = 3C5EF5F71FD592AD00C2DF5F /* Project object */;
			proxyType = 1;
			remoteGlobalIDString = 3C5EF5FE1FD592AD00C2DF5F;
			remoteInfo = DemoHighlights;
		};
		3C5EF6241FD592AE00C2DF5F /* PBXContainerItemProxy */ = {
			isa = PBXContainerItemProxy;
			containerPortal = 3C5EF5F71FD592AD00C2DF5F /* Project object */;
			proxyType = 1;
			remoteGlobalIDString = 3C5EF5FE1FD592AD00C2DF5F;
			remoteInfo = DemoHighlights;
		};
/* End PBXContainerItemProxy section */

/* Begin PBXFileReference section */
		3C5EF5FF1FD592AD00C2DF5F /* DemoHighlights.app */ = {isa = PBXFileReference; explicitFileType = wrapper.application; includeInIndex = 0; path = DemoHighlights.app; sourceTree = BUILT_PRODUCTS_DIR; };
		3C5EF6031FD592AD00C2DF5F /* main.m */ = {isa = PBXFileReference; lastKnownFileType = sourcecode.c.objc; path = main.m; sourceTree = "<group>"; };
		3C5EF6051FD592AD00C2DF5F /* AppDelegate.h */ = {isa = PBXFileReference; lastKnownFileType = sourcecode.c.h; path = AppDelegate.h; sourceTree = "<group>"; };
		3C5EF6061FD592AD00C2DF5F /* AppDelegate.m */ = {isa = PBXFileReference; lastKnownFileType = sourcecode.c.objc; path = AppDelegate.m; sourceTree = "<group>"; };
		3C5EF60C1FD592AD00C2DF5F /* Base */ = {isa = PBXFileReference; lastKnownFileType = file.storyboard; name = Base; path = Base.lproj/Main.storyboard; sourceTree = "<group>"; };
		3C5EF60E1FD592AD00C2DF5F /* Assets.xcassets */ = {isa = PBXFileReference; lastKnownFileType = folder.assetcatalog; path = Assets.xcassets; sourceTree = "<group>"; };
		3C5EF6111FD592AD00C2DF5F /* Base */ = {isa = PBXFileReference; lastKnownFileType = file.storyboard; name = Base; path = Base.lproj/LaunchScreen.storyboard; sourceTree = "<group>"; };
		3C5EF6131FD592AD00C2DF5F /* Info.plist */ = {isa = PBXFileReference; lastKnownFileType = text.plist.xml; path = Info.plist; sourceTree = "<group>"; };
		3C5EF6181FD592AE00C2DF5F /* DemoHighlightsTests.xctest */ = {isa = PBXFileReference; explicitFileType = wrapper.cfbundle; includeInIndex = 0; path = DemoHighlightsTests.xctest; sourceTree = BUILT_PRODUCTS_DIR; };
		3C5EF61C1FD592AE00C2DF5F /* DemoHighlightsTests.m */ = {isa = PBXFileReference; lastKnownFileType = sourcecode.c.objc; path = DemoHighlightsTests.m; sourceTree = "<group>"; };
		3C5EF61E1FD592AE00C2DF5F /* Info.plist */ = {isa = PBXFileReference; lastKnownFileType = text.plist.xml; path = Info.plist; sourceTree = "<group>"; };
		3C5EF6231FD592AE00C2DF5F /* DemoHighlightsUITests.xctest */ = {isa = PBXFileReference; explicitFileType = wrapper.cfbundle; includeInIndex = 0; path = DemoHighlightsUITests.xctest; sourceTree = BUILT_PRODUCTS_DIR; };
		3C5EF6271FD592AE00C2DF5F /* DemoHighlightsUITests.m */ = {isa = PBXFileReference; lastKnownFileType = sourcecode.c.objc; path = DemoHighlightsUITests.m; sourceTree = "<group>"; };
		3C5EF6291FD592AE00C2DF5F /* Info.plist */ = {isa = PBXFileReference; lastKnownFileType = text.plist.xml; path = Info.plist; sourceTree = "<group>"; };
		3C5EF6351FD5944700C2DF5F /* HomeViewController.h */ = {isa = PBXFileReference; fileEncoding = 4; lastKnownFileType = sourcecode.c.h; path = HomeViewController.h; sourceTree = "<group>"; };
		3C5EF6361FD5944700C2DF5F /* HomeViewController.m */ = {isa = PBXFileReference; fileEncoding = 4; lastKnownFileType = sourcecode.c.objc; path = HomeViewController.m; sourceTree = "<group>"; };
		3C5EF6371FD5944700C2DF5F /* MeViewController.h */ = {isa = PBXFileReference; fileEncoding = 4; lastKnownFileType = sourcecode.c.h; path = MeViewController.h; sourceTree = "<group>"; };
		3C5EF6381FD5944700C2DF5F /* MeViewController.m */ = {isa = PBXFileReference; fileEncoding = 4; lastKnownFileType = sourcecode.c.objc; path = MeViewController.m; sourceTree = "<group>"; };
		3C5EF6391FD5944700C2DF5F /* NewsViewController.h */ = {isa = PBXFileReference; fileEncoding = 4; lastKnownFileType = sourcecode.c.h; path = NewsViewController.h; sourceTree = "<group>"; };
		3C5EF63A1FD5944700C2DF5F /* NewsViewController.m */ = {isa = PBXFileReference; fileEncoding = 4; lastKnownFileType = sourcecode.c.objc; path = NewsViewController.m; sourceTree = "<group>"; };
		3C5EF63D1FD5944700C2DF5F /* OrderViewController.h */ = {isa = PBXFileReference; fileEncoding = 4; lastKnownFileType = sourcecode.c.h; path = OrderViewController.h; sourceTree = "<group>"; };
		3C5EF63E1FD5944700C2DF5F /* OrderViewController.m */ = {isa = PBXFileReference; fileEncoding = 4; lastKnownFileType = sourcecode.c.objc; path = OrderViewController.m; sourceTree = "<group>"; };
		3C5EF6531FD595E100C2DF5F /* common */ = {isa = PBXFileReference; lastKnownFileType = folder; path = common; sourceTree = "<group>"; };
		3C5EF6551FD595E100C2DF5F /* utility */ = {isa = PBXFileReference; lastKnownFileType = folder; path = utility; sourceTree = "<group>"; };
		3C5EF6591FD596D000C2DF5F /* module */ = {isa = PBXFileReference; lastKnownFileType = folder; path = module; sourceTree = "<group>"; };
		3C5EF66B1FD598B700C2DF5F /* QKBasicViewController.h */ = {isa = PBXFileReference; fileEncoding = 4; lastKnownFileType = sourcecode.c.h; path = QKBasicViewController.h; sourceTree = "<group>"; };
		3C5EF66C1FD598B700C2DF5F /* QKBasicViewController.m */ = {isa = PBXFileReference; fileEncoding = 4; lastKnownFileType = sourcecode.c.objc; path = QKBasicViewController.m; sourceTree = "<group>"; };
		3C5EF66D1FD598B700C2DF5F /* QKNavigationController.h */ = {isa = PBXFileReference; fileEncoding = 4; lastKnownFileType = sourcecode.c.h; path = QKNavigationController.h; sourceTree = "<group>"; };
		3C5EF66E1FD598B700C2DF5F /* QKNavigationController.m */ = {isa = PBXFileReference; fileEncoding = 4; lastKnownFileType = sourcecode.c.objc; path = QKNavigationController.m; sourceTree = "<group>"; };
		3C5EF66F1FD598B700C2DF5F /* QKTabBar.h */ = {isa = PBXFileReference; fileEncoding = 4; lastKnownFileType = sourcecode.c.h; path = QKTabBar.h; sourceTree = "<group>"; };
		3C5EF6701FD598B700C2DF5F /* QKTabBar.m */ = {isa = PBXFileReference; fileEncoding = 4; lastKnownFileType = sourcecode.c.objc; path = QKTabBar.m; sourceTree = "<group>"; };
		3C5EF6711FD598B700C2DF5F /* QKTabBarController.h */ = {isa = PBXFileReference; fileEncoding = 4; lastKnownFileType = sourcecode.c.h; path = QKTabBarController.h; sourceTree = "<group>"; };
		3C5EF6721FD598B700C2DF5F /* QKTabBarController.m */ = {isa = PBXFileReference; fileEncoding = 4; lastKnownFileType = sourcecode.c.objc; path = QKTabBarController.m; sourceTree = "<group>"; };
		3C5EF6731FD598B700C2DF5F /* UIView+QKExtension.h */ = {isa = PBXFileReference; fileEncoding = 4; lastKnownFileType = sourcecode.c.h; path = "UIView+QKExtension.h"; sourceTree = "<group>"; };
		3C5EF6741FD598B700C2DF5F /* UIView+QKExtension.m */ = {isa = PBXFileReference; fileEncoding = 4; lastKnownFileType = sourcecode.c.objc; path = "UIView+QKExtension.m"; sourceTree = "<group>"; };
		3C5EF67A1FD59ADB00C2DF5F /* CLCustomRotationGestureRecognizer.h */ = {isa = PBXFileReference; fileEncoding = 4; lastKnownFileType = sourcecode.c.h; path = CLCustomRotationGestureRecognizer.h; sourceTree = "<group>"; };
		3C5EF67B1FD59ADB00C2DF5F /* CLCustomRotationGestureRecognizer.m */ = {isa = PBXFileReference; fileEncoding = 4; lastKnownFileType = sourcecode.c.objc; path = CLCustomRotationGestureRecognizer.m; sourceTree = "<group>"; };
		3C5EF67C1FD59ADB00C2DF5F /* CLOneViewController.h */ = {isa = PBXFileReference; fileEncoding = 4; lastKnownFileType = sourcecode.c.h; path = CLOneViewController.h; sourceTree = "<group>"; };
		3C5EF67D1FD59ADB00C2DF5F /* CLOneViewController.m */ = {isa = PBXFileReference; fileEncoding = 4; lastKnownFileType = sourcecode.c.objc; path = CLOneViewController.m; sourceTree = "<group>"; };
		3C5EF67E1FD59ADB00C2DF5F /* CLRotationView.h */ = {isa = PBXFileReference; fileEncoding = 4; lastKnownFileType = sourcecode.c.h; path = CLRotationView.h; sourceTree = "<group>"; };
		3C5EF67F1FD59ADB00C2DF5F /* CLRotationView.m */ = {isa = PBXFileReference; fileEncoding = 4; lastKnownFileType = sourcecode.c.objc; path = CLRotationView.m; sourceTree = "<group>"; };
		3C5EF6831FD59B0A00C2DF5F /* buttonModel.h */ = {isa = PBXFileReference; fileEncoding = 4; lastKnownFileType = sourcecode.c.h; path = buttonModel.h; sourceTree = "<group>"; };
		3C5EF6841FD59B0A00C2DF5F /* buttonModel.m */ = {isa = PBXFileReference; fileEncoding = 4; lastKnownFileType = sourcecode.c.objc; path = buttonModel.m; sourceTree = "<group>"; };
		3C5EF6861FD59B8D00C2DF5F /* ButtonList.plist */ = {isa = PBXFileReference; fileEncoding = 4; lastKnownFileType = text.plist.xml; path = ButtonList.plist; sourceTree = "<group>"; };
/* End PBXFileReference section */

/* Begin PBXFrameworksBuildPhase section */
		3C5EF5FC1FD592AD00C2DF5F /* Frameworks */ = {
			isa = PBXFrameworksBuildPhase;
			buildActionMask = 2147483647;
			files = (
			);
			runOnlyForDeploymentPostprocessing = 0;
		};
		3C5EF6151FD592AE00C2DF5F /* Frameworks */ = {
			isa = PBXFrameworksBuildPhase;
			buildActionMask = 2147483647;
			files = (
			);
			runOnlyForDeploymentPostprocessing = 0;
		};
		3C5EF6201FD592AE00C2DF5F /* Frameworks */ = {
			isa = PBXFrameworksBuildPhase;
			buildActionMask = 2147483647;
			files = (
			);
			runOnlyForDeploymentPostprocessing = 0;
		};
/* End PBXFrameworksBuildPhase section */

/* Begin PBXGroup section */
		3C5EF5F61FD592AD00C2DF5F = {
			isa = PBXGroup;
			children = (
				3C5EF6011FD592AD00C2DF5F /* DemoHighlights */,
				3C5EF61B1FD592AE00C2DF5F /* DemoHighlightsTests */,
				3C5EF6261FD592AE00C2DF5F /* DemoHighlightsUITests */,
				3C5EF6001FD592AD00C2DF5F /* Products */,
			);
			sourceTree = "<group>";
		};
		3C5EF6001FD592AD00C2DF5F /* Products */ = {
			isa = PBXGroup;
			children = (
				3C5EF5FF1FD592AD00C2DF5F /* DemoHighlights.app */,
				3C5EF6181FD592AE00C2DF5F /* DemoHighlightsTests.xctest */,
				3C5EF6231FD592AE00C2DF5F /* DemoHighlightsUITests.xctest */,
			);
			name = Products;
			sourceTree = "<group>";
		};
		3C5EF6011FD592AD00C2DF5F /* DemoHighlights */ = {
			isa = PBXGroup;
			children = (
				3C5EF6861FD59B8D00C2DF5F /* ButtonList.plist */,
				3C5EF6831FD59B0A00C2DF5F /* buttonModel.h */,
				3C5EF6841FD59B0A00C2DF5F /* buttonModel.m */,
				3C5EF67A1FD59ADB00C2DF5F /* CLCustomRotationGestureRecognizer.h */,
				3C5EF67B1FD59ADB00C2DF5F /* CLCustomRotationGestureRecognizer.m */,
				3C5EF67C1FD59ADB00C2DF5F /* CLOneViewController.h */,
				3C5EF67D1FD59ADB00C2DF5F /* CLOneViewController.m */,
				3C5EF67E1FD59ADB00C2DF5F /* CLRotationView.h */,
				3C5EF67F1FD59ADB00C2DF5F /* CLRotationView.m */,
				3C5EF66B1FD598B700C2DF5F /* QKBasicViewController.h */,
				3C5EF66C1FD598B700C2DF5F /* QKBasicViewController.m */,
				3C5EF66D1FD598B700C2DF5F /* QKNavigationController.h */,
				3C5EF66E1FD598B700C2DF5F /* QKNavigationController.m */,
				3C5EF66F1FD598B700C2DF5F /* QKTabBar.h */,
				3C5EF6701FD598B700C2DF5F /* QKTabBar.m */,
				3C5EF6711FD598B700C2DF5F /* QKTabBarController.h */,
				3C5EF6721FD598B700C2DF5F /* QKTabBarController.m */,
				3C5EF6731FD598B700C2DF5F /* UIView+QKExtension.h */,
				3C5EF6741FD598B700C2DF5F /* UIView+QKExtension.m */,
				3C5EF6591FD596D000C2DF5F /* module */,
				3C5EF6531FD595E100C2DF5F /* common */,
				3C5EF6551FD595E100C2DF5F /* utility */,
				3C5EF6351FD5944700C2DF5F /* HomeViewController.h */,
				3C5EF6361FD5944700C2DF5F /* HomeViewController.m */,
				3C5EF63D1FD5944700C2DF5F /* OrderViewController.h */,
				3C5EF63E1FD5944700C2DF5F /* OrderViewController.m */,
				3C5EF6391FD5944700C2DF5F /* NewsViewController.h */,
				3C5EF63A1FD5944700C2DF5F /* NewsViewController.m */,
				3C5EF6371FD5944700C2DF5F /* MeViewController.h */,
				3C5EF6381FD5944700C2DF5F /* MeViewController.m */,
				3C5EF6021FD592AD00C2DF5F /* Supporting Files */,
			);
			path = DemoHighlights;
			sourceTree = "<group>";
		};
		3C5EF6021FD592AD00C2DF5F /* Supporting Files */ = {
			isa = PBXGroup;
			children = (
				3C5EF6051FD592AD00C2DF5F /* AppDelegate.h */,
				3C5EF6061FD592AD00C2DF5F /* AppDelegate.m */,
				3C5EF60B1FD592AD00C2DF5F /* Main.storyboard */,
				3C5EF60E1FD592AD00C2DF5F /* Assets.xcassets */,
				3C5EF6101FD592AD00C2DF5F /* LaunchScreen.storyboard */,
				3C5EF6131FD592AD00C2DF5F /* Info.plist */,
				3C5EF6031FD592AD00C2DF5F /* main.m */,
			);
			name = "Supporting Files";
			sourceTree = "<group>";
		};
		3C5EF61B1FD592AE00C2DF5F /* DemoHighlightsTests */ = {
			isa = PBXGroup;
			children = (
				3C5EF61C1FD592AE00C2DF5F /* DemoHighlightsTests.m */,
				3C5EF61E1FD592AE00C2DF5F /* Info.plist */,
			);
			path = DemoHighlightsTests;
			sourceTree = "<group>";
		};
		3C5EF6261FD592AE00C2DF5F /* DemoHighlightsUITests */ = {
			isa = PBXGroup;
			children = (
				3C5EF6271FD592AE00C2DF5F /* DemoHighlightsUITests.m */,
				3C5EF6291FD592AE00C2DF5F /* Info.plist */,
			);
			path = DemoHighlightsUITests;
			sourceTree = "<group>";
		};
/* End PBXGroup section */

/* Begin PBXNativeTarget section */
		3C5EF5FE1FD592AD00C2DF5F /* DemoHighlights */ = {
			isa = PBXNativeTarget;
			buildConfigurationList = 3C5EF62C1FD592AE00C2DF5F /* Build configuration list for PBXNativeTarget "DemoHighlights" */;
			buildPhases = (
				3C5EF5FB1FD592AD00C2DF5F /* Sources */,
				3C5EF5FC1FD592AD00C2DF5F /* Frameworks */,
				3C5EF5FD1FD592AD00C2DF5F /* Resources */,
			);
			buildRules = (
			);
			dependencies = (
			);
			name = DemoHighlights;
			productName = DemoHighlights;
			productReference = 3C5EF5FF1FD592AD00C2DF5F /* DemoHighlights.app */;
			productType = "com.apple.product-type.application";
		};
		3C5EF6171FD592AE00C2DF5F /* DemoHighlightsTests */ = {
			isa = PBXNativeTarget;
			buildConfigurationList = 3C5EF62F1FD592AE00C2DF5F /* Build configuration list for PBXNativeTarget "DemoHighlightsTests" */;
			buildPhases = (
				3C5EF6141FD592AE00C2DF5F /* Sources */,
				3C5EF6151FD592AE00C2DF5F /* Frameworks */,
				3C5EF6161FD592AE00C2DF5F /* Resources */,
			);
			buildRules = (
			);
			dependencies = (
				3C5EF61A1FD592AE00C2DF5F /* PBXTargetDependency */,
			);
			name = DemoHighlightsTests;
			productName = DemoHighlightsTests;
			productReference = 3C5EF6181FD592AE00C2DF5F /* DemoHighlightsTests.xctest */;
			productType = "com.apple.product-type.bundle.unit-test";
		};
		3C5EF6221FD592AE00C2DF5F /* DemoHighlightsUITests */ = {
			isa = PBXNativeTarget;
			buildConfigurationList = 3C5EF6321FD592AE00C2DF5F /* Build configuration list for PBXNativeTarget "DemoHighlightsUITests" */;
			buildPhases = (
				3C5EF61F1FD592AE00C2DF5F /* Sources */,
				3C5EF6201FD592AE00C2DF5F /* Frameworks */,
				3C5EF6211FD592AE00C2DF5F /* Resources */,
			);
			buildRules = (
			);
			dependencies = (
				3C5EF6251FD592AE00C2DF5F /* PBXTargetDependency */,
			);
			name = DemoHighlightsUITests;
			productName = DemoHighlightsUITests;
			productReference = 3C5EF6231FD592AE00C2DF5F /* DemoHighlightsUITests.xctest */;
			productType = "com.apple.product-type.bundle.ui-testing";
		};
/* End PBXNativeTarget section */

/* Begin PBXProject section */
		3C5EF5F71FD592AD00C2DF5F /* Project object */ = {
			isa = PBXProject;
			attributes = {
				LastUpgradeCheck = 0830;
				ORGANIZATIONNAME = yinzhiqiang;
				TargetAttributes = {
					3C5EF5FE1FD592AD00C2DF5F = {
						CreatedOnToolsVersion = 8.3.3;
						DevelopmentTeam = 5V5AD6VD9T;
						ProvisioningStyle = Automatic;
					};
					3C5EF6171FD592AE00C2DF5F = {
						CreatedOnToolsVersion = 8.3.3;
						DevelopmentTeam = 5V5AD6VD9T;
						ProvisioningStyle = Automatic;
						TestTargetID = 3C5EF5FE1FD592AD00C2DF5F;
					};
					3C5EF6221FD592AE00C2DF5F = {
						CreatedOnToolsVersion = 8.3.3;
						DevelopmentTeam = 5V5AD6VD9T;
						ProvisioningStyle = Automatic;
						TestTargetID = 3C5EF5FE1FD592AD00C2DF5F;
					};
				};
			};
			buildConfigurationList = 3C5EF5FA1FD592AD00C2DF5F /* Build configuration list for PBXProject "DemoHighlights" */;
			compatibilityVersion = "Xcode 3.2";
			developmentRegion = English;
			hasScannedForEncodings = 0;
			knownRegions = (
				en,
				Base,
			);
			mainGroup = 3C5EF5F61FD592AD00C2DF5F;
			productRefGroup = 3C5EF6001FD592AD00C2DF5F /* Products */;
			projectDirPath = "";
			projectRoot = "";
			targets = (
				3C5EF5FE1FD592AD00C2DF5F /* DemoHighlights */,
				3C5EF6171FD592AE00C2DF5F /* DemoHighlightsTests */,
				3C5EF6221FD592AE00C2DF5F /* DemoHighlightsUITests */,
			);
		};
/* End PBXProject section */

/* Begin PBXResourcesBuildPhase section */
		3C5EF5FD1FD592AD00C2DF5F /* Resources */ = {
			isa = PBXResourcesBuildPhase;
			buildActionMask = 2147483647;
			files = (
				3C5EF6121FD592AD00C2DF5F /* LaunchScreen.storyboard in Resources */,
				3C5EF60F1FD592AD00C2DF5F /* Assets.xcassets in Resources */,
				3C5EF65A1FD596D000C2DF5F /* module in Resources */,
				3C5EF6871FD59B8D00C2DF5F /* ButtonList.plist in Resources */,
				3C5EF6581FD595E100C2DF5F /* utility in Resources */,
				3C5EF60D1FD592AD00C2DF5F /* Main.storyboard in Resources */,
				3C5EF6561FD595E100C2DF5F /* common in Resources */,
			);
			runOnlyForDeploymentPostprocessing = 0;
		};
		3C5EF6161FD592AE00C2DF5F /* Resources */ = {
			isa = PBXResourcesBuildPhase;
			buildActionMask = 2147483647;
			files = (
			);
			runOnlyForDeploymentPostprocessing = 0;
		};
		3C5EF6211FD592AE00C2DF5F /* Resources */ = {
			isa = PBXResourcesBuildPhase;
			buildActionMask = 2147483647;
			files = (
			);
			runOnlyForDeploymentPostprocessing = 0;
		};
/* End PBXResourcesBuildPhase section */

/* Begin PBXSourcesBuildPhase section */
		3C5EF5FB1FD592AD00C2DF5F /* Sources */ = {
			isa = PBXSourcesBuildPhase;
			buildActionMask = 2147483647;
			files = (
				3C5EF6071FD592AD00C2DF5F /* AppDelegate.m in Sources */,
				3C5EF6041FD592AD00C2DF5F /* main.m in Sources */,
				3C5EF64D1FD5944700C2DF5F /* OrderViewController.m in Sources */,
				3C5EF6801FD59ADB00C2DF5F /* CLCustomRotationGestureRecognizer.m in Sources */,
				3C5EF6781FD598B700C2DF5F /* QKTabBarController.m in Sources */,
				3C5EF6811FD59ADB00C2DF5F /* CLOneViewController.m in Sources */,
				3C5EF6761FD598B700C2DF5F /* QKNavigationController.m in Sources */,
				3C5EF6771FD598B700C2DF5F /* QKTabBar.m in Sources */,
				3C5EF6791FD598B700C2DF5F /* UIView+QKExtension.m in Sources */,
				3C5EF6751FD598B700C2DF5F /* QKBasicViewController.m in Sources */,
				3C5EF64B1FD5944700C2DF5F /* NewsViewController.m in Sources */,
				3C5EF6821FD59ADB00C2DF5F /* CLRotationView.m in Sources */,
				3C5EF6491FD5944700C2DF5F /* HomeViewController.m in Sources */,
				3C5EF6851FD59B0A00C2DF5F /* buttonModel.m in Sources */,
				3C5EF64A1FD5944700C2DF5F /* MeViewController.m in Sources */,
			);
			runOnlyForDeploymentPostprocessing = 0;
		};
		3C5EF6141FD592AE00C2DF5F /* Sources */ = {
			isa = PBXSourcesBuildPhase;
			buildActionMask = 2147483647;
			files = (
				3C5EF61D1FD592AE00C2DF5F /* DemoHighlightsTests.m in Sources */,
			);
			runOnlyForDeploymentPostprocessing = 0;
		};
		3C5EF61F1FD592AE00C2DF5F /* Sources */ = {
			isa = PBXSourcesBuildPhase;
			buildActionMask = 2147483647;
			files = (
				3C5EF6281FD592AE00C2DF5F /* DemoHighlightsUITests.m in Sources */,
			);
			runOnlyForDeploymentPostprocessing = 0;
		};
/* End PBXSourcesBuildPhase section */

/* Begin PBXTargetDependency section */
		3C5EF61A1FD592AE00C2DF5F /* PBXTargetDependency */ = {
			isa = PBXTargetDependency;
			target = 3C5EF5FE1FD592AD00C2DF5F /* DemoHighlights */;
			targetProxy = 3C5EF6191FD592AE00C2DF5F /* PBXContainerItemProxy */;
		};
		3C5EF6251FD592AE00C2DF5F /* PBXTargetDependency */ = {
			isa = PBXTargetDependency;
			target = 3C5EF5FE1FD592AD00C2DF5F /* DemoHighlights */;
			targetProxy = 3C5EF6241FD592AE00C2DF5F /* PBXContainerItemProxy */;
		};
/* End PBXTargetDependency section */

/* Begin PBXVariantGroup section */
		3C5EF60B1FD592AD00C2DF5F /* Main.storyboard */ = {
			isa = PBXVariantGroup;
			children = (
				3C5EF60C1FD592AD00C2DF5F /* Base */,
			);
			name = Main.storyboard;
			sourceTree = "<group>";
		};
		3C5EF6101FD592AD00C2DF5F /* LaunchScreen.storyboard */ = {
			isa = PBXVariantGroup;
			children = (
				3C5EF6111FD592AD00C2DF5F /* Base */,
			);
			name = LaunchScreen.storyboard;
			sourceTree = "<group>";
		};
/* End PBXVariantGroup section */

/* Begin XCBuildConfiguration section */
		3C5EF62A1FD592AE00C2DF5F /* Debug */ = {
			isa = XCBuildConfiguration;
			buildSettings = {
				ALWAYS_SEARCH_USER_PATHS = NO;
				CLANG_ANALYZER_NONNULL = YES;
				CLANG_ANALYZER_NUMBER_OBJECT_CONVERSION = YES_AGGRESSIVE;
				CLANG_CXX_LANGUAGE_STANDARD = "gnu++0x";
				CLANG_CXX_LIBRARY = "libc++";
				CLANG_ENABLE_MODULES = YES;
				CLANG_ENABLE_OBJC_ARC = YES;
				CLANG_WARN_BOOL_CONVERSION = YES;
				CLANG_WARN_CONSTANT_CONVERSION = YES;
				CLANG_WARN_DIRECT_OBJC_ISA_USAGE = YES_ERROR;
				CLANG_WARN_DOCUMENTATION_COMMENTS = YES;
				CLANG_WARN_EMPTY_BODY = YES;
				CLANG_WARN_ENUM_CONVERSION = YES;
				CLANG_WARN_INFINITE_RECURSION = YES;
				CLANG_WARN_INT_CONVERSION = YES;
				CLANG_WARN_OBJC_ROOT_CLASS = YES_ERROR;
				CLANG_WARN_SUSPICIOUS_MOVE = YES;
				CLANG_WARN_UNREACHABLE_CODE = YES;
				CLANG_WARN__DUPLICATE_METHOD_MATCH = YES;
				"CODE_SIGN_IDENTITY[sdk=iphoneos*]" = "iPhone Developer";
				COPY_PHASE_STRIP = NO;
				DEBUG_INFORMATION_FORMAT = dwarf;
				ENABLE_STRICT_OBJC_MSGSEND = YES;
				ENABLE_TESTABILITY = YES;
				GCC_C_LANGUAGE_STANDARD = gnu99;
				GCC_DYNAMIC_NO_PIC = NO;
				GCC_NO_COMMON_BLOCKS = YES;
				GCC_OPTIMIZATION_LEVEL = 0;
				GCC_PREPROCESSOR_DEFINITIONS = (
					"DEBUG=1",
					"$(inherited)",
				);
				GCC_WARN_64_TO_32_BIT_CONVERSION = YES;
				GCC_WARN_ABOUT_RETURN_TYPE = YES_ERROR;
				GCC_WARN_UNDECLARED_SELECTOR = YES;
				GCC_WARN_UNINITIALIZED_AUTOS = YES_AGGRESSIVE;
				GCC_WARN_UNUSED_FUNCTION = YES;
				GCC_WARN_UNUSED_VARIABLE = YES;
				IPHONEOS_DEPLOYMENT_TARGET = 10.3;
				MTL_ENABLE_DEBUG_INFO = YES;
				ONLY_ACTIVE_ARCH = YES;
				SDKROOT = iphoneos;
				TARGETED_DEVICE_FAMILY = "1,2";
			};
			name = Debug;
		};
		3C5EF62B1FD592AE00C2DF5F /* Release */ = {
			isa = XCBuildConfiguration;
			buildSettings = {
				ALWAYS_SEARCH_USER_PATHS = NO;
				CLANG_ANALYZER_NONNULL = YES;
				CLANG_ANALYZER_NUMBER_OBJECT_CONVERSION = YES_AGGRESSIVE;
				CLANG_CXX_LANGUAGE_STANDARD = "gnu++0x";
				CLANG_CXX_LIBRARY = "libc++";
				CLANG_ENABLE_MODULES = YES;
				CLANG_ENABLE_OBJC_ARC = YES;
				CLANG_WARN_BOOL_CONVERSION = YES;
				CLANG_WARN_CONSTANT_CONVERSION = YES;
				CLANG_WARN_DIRECT_OBJC_ISA_USAGE = YES_ERROR;
				CLANG_WARN_DOCUMENTATION_COMMENTS = YES;
				CLANG_WARN_EMPTY_BODY = YES;
				CLANG_WARN_ENUM_CONVERSION = YES;
				CLANG_WARN_INFINITE_RECURSION = YES;
				CLANG_WARN_INT_CONVERSION = YES;
				CLANG_WARN_OBJC_ROOT_CLASS = YES_ERROR;
				CLANG_WARN_SUSPICIOUS_MOVE = YES;
				CLANG_WARN_UNREACHABLE_CODE = YES;
				CLANG_WARN__DUPLICATE_METHOD_MATCH = YES;
				"CODE_SIGN_IDENTITY[sdk=iphoneos*]" = "iPhone Developer";
				COPY_PHASE_STRIP = NO;
				DEBUG_INFORMATION_FORMAT = "dwarf-with-dsym";
				ENABLE_NS_ASSERTIONS = NO;
				ENABLE_STRICT_OBJC_MSGSEND = YES;
				GCC_C_LANGUAGE_STANDARD = gnu99;
				GCC_NO_COMMON_BLOCKS = YES;
				GCC_WARN_64_TO_32_BIT_CONVERSION = YES;
				GCC_WARN_ABOUT_RETURN_TYPE = YES_ERROR;
				GCC_WARN_UNDECLARED_SELECTOR = YES;
				GCC_WARN_UNINITIALIZED_AUTOS = YES_AGGRESSIVE;
				GCC_WARN_UNUSED_FUNCTION = YES;
				GCC_WARN_UNUSED_VARIABLE = YES;
				IPHONEOS_DEPLOYMENT_TARGET = 10.3;
				MTL_ENABLE_DEBUG_INFO = NO;
				SDKROOT = iphoneos;
				TARGETED_DEVICE_FAMILY = "1,2";
				VALIDATE_PRODUCT = YES;
			};
			name = Release;
		};
		3C5EF62D1FD592AE00C2DF5F /* Debug */ = {
			isa = XCBuildConfiguration;
			buildSettings = {
				ASSETCATALOG_COMPILER_APPICON_NAME = AppIcon;
				DEVELOPMENT_TEAM = 5V5AD6VD9T;
				INFOPLIST_FILE = DemoHighlights/Info.plist;
				IPHONEOS_DEPLOYMENT_TARGET = 8.0;
				LD_RUNPATH_SEARCH_PATHS = "$(inherited) @executable_path/Frameworks";
				PRODUCT_BUNDLE_IDENTIFIER = com.yinzhiqiang.DemoHighlights;
				PRODUCT_NAME = "$(TARGET_NAME)";
			};
			name = Debug;
		};
		3C5EF62E1FD592AE00C2DF5F /* Release */ = {
			isa = XCBuildConfiguration;
			buildSettings = {
				ASSETCATALOG_COMPILER_APPICON_NAME = AppIcon;
				DEVELOPMENT_TEAM = 5V5AD6VD9T;
				INFOPLIST_FILE = DemoHighlights/Info.plist;
				IPHONEOS_DEPLOYMENT_TARGET = 8.0;
				LD_RUNPATH_SEARCH_PATHS = "$(inherited) @executable_path/Frameworks";
				PRODUCT_BUNDLE_IDENTIFIER = com.yinzhiqiang.DemoHighlights;
				PRODUCT_NAME = "$(TARGET_NAME)";
			};
			name = Release;
		};
		3C5EF6301FD592AE00C2DF5F /* Debug */ = {
			isa = XCBuildConfiguration;
			buildSettings = {
				BUNDLE_LOADER = "$(TEST_HOST)";
				DEVELOPMENT_TEAM = 5V5AD6VD9T;
				INFOPLIST_FILE = DemoHighlightsTests/Info.plist;
				LD_RUNPATH_SEARCH_PATHS = "$(inherited) @executable_path/Frameworks @loader_path/Frameworks";
				PRODUCT_BUNDLE_IDENTIFIER = com.yinzhiqiang.DemoHighlightsTests;
				PRODUCT_NAME = "$(TARGET_NAME)";
				TEST_HOST = "$(BUILT_PRODUCTS_DIR)/DemoHighlights.app/DemoHighlights";
			};
			name = Debug;
		};
		3C5EF6311FD592AE00C2DF5F /* Release */ = {
			isa = XCBuildConfiguration;
			buildSettings = {
				BUNDLE_LOADER = "$(TEST_HOST)";
				DEVELOPMENT_TEAM = 5V5AD6VD9T;
				INFOPLIST_FILE = DemoHighlightsTests/Info.plist;
				LD_RUNPATH_SEARCH_PATHS = "$(inherited) @executable_path/Frameworks @loader_path/Frameworks";
				PRODUCT_BUNDLE_IDENTIFIER = com.yinzhiqiang.DemoHighlightsTests;
				PRODUCT_NAME = "$(TARGET_NAME)";
				TEST_HOST = "$(BUILT_PRODUCTS_DIR)/DemoHighlights.app/DemoHighlights";
			};
			name = Release;
		};
		3C5EF6331FD592AE00C2DF5F /* Debug */ = {
			isa = XCBuildConfiguration;
			buildSettings = {
				DEVELOPMENT_TEAM = 5V5AD6VD9T;
				INFOPLIST_FILE = DemoHighlightsUITests/Info.plist;
				LD_RUNPATH_SEARCH_PATHS = "$(inherited) @executable_path/Frameworks @loader_path/Frameworks";
				PRODUCT_BUNDLE_IDENTIFIER = com.yinzhiqiang.DemoHighlightsUITests;
				PRODUCT_NAME = "$(TARGET_NAME)";
				TEST_TARGET_NAME = DemoHighlights;
			};
			name = Debug;
		};
		3C5EF6341FD592AE00C2DF5F /* Release */ = {
			isa = XCBuildConfiguration;
			buildSettings = {
				DEVELOPMENT_TEAM = 5V5AD6VD9T;
				INFOPLIST_FILE = DemoHighlightsUITests/Info.plist;
				LD_RUNPATH_SEARCH_PATHS = "$(inherited) @executable_path/Frameworks @loader_path/Frameworks";
				PRODUCT_BUNDLE_IDENTIFIER = com.yinzhiqiang.DemoHighlightsUITests;
				PRODUCT_NAME = "$(TARGET_NAME)";
				TEST_TARGET_NAME = DemoHighlights;
			};
			name = Release;
		};
/* End XCBuildConfiguration section */

/* Begin XCConfigurationList section */
		3C5EF5FA1FD592AD00C2DF5F /* Build configuration list for PBXProject "DemoHighlights" */ = {
			isa = XCConfigurationList;
			buildConfigurations = (
				3C5EF62A1FD592AE00C2DF5F /* Debug */,
				3C5EF62B1FD592AE00C2DF5F /* Release */,
			);
			defaultConfigurationIsVisible = 0;
			defaultConfigurationName = Release;
		};
		3C5EF62C1FD592AE00C2DF5F /* Build configuration list for PBXNativeTarget "DemoHighlights" */ = {
			isa = XCConfigurationList;
			buildConfigurations = (
				3C5EF62D1FD592AE00C2DF5F /* Debug */,
				3C5EF62E1FD592AE00C2DF5F /* Release */,
			);
			defaultConfigurationIsVisible = 0;
			defaultConfigurationName = Release;
		};
		3C5EF62F1FD592AE00C2DF5F /* Build configuration list for PBXNativeTarget "DemoHighlightsTests" */ = {
			isa = XCConfigurationList;
			buildConfigurations = (
				3C5EF6301FD592AE00C2DF5F /* Debug */,
				3C5EF6311FD592AE00C2DF5F /* Release */,
			);
			defaultConfigurationIsVisible = 0;
			defaultConfigurationName = Release;
		};
		3C5EF6321FD592AE00C2DF5F /* Build configuration list for PBXNativeTarget "DemoHighlightsUITests" */ = {
			isa = XCConfigurationList;
			buildConfigurations = (
				3C5EF6331FD592AE00C2DF5F /* Debug */,
				3C5EF6341FD592AE00C2DF5F /* Release */,
			);
			defaultConfigurationIsVisible = 0;
			defaultConfigurationName = Release;
		};
/* End XCConfigurationList section */
	};
	rootObject = 3C5EF5F71FD592AD00C2DF5F /* Project object */;
}
